
Microsoft Visual Studio Solution File, Format Version 12.00
# Visual Studio Version 17
VisualStudioVersion = 17.7.34031.279
MinimumVisualStudioVersion = 10.0.40219.1
Project("{FAE04EC0-301F-11D3-BF4B-00C04F79EFBC}") = "Two intergers to return true if 5 or diff is 5", "Two intergers to return true if 5 or diff is 5.csproj", "{1A8809AF-E540-487C-AA92-3A52A44298E7}"
EndProject
Global
	GlobalSection(SolutionConfigurationPlatforms) = preSolution
		Debug|Any CPU = Debug|Any CPU
		Release|Any CPU = Release|Any CPU
	EndGlobalSection
	GlobalSection(ProjectConfigurationPlatforms) = postSolution
		{1A8809AF-E540-487C-AA92-3A52A44298E7}.Debug|Any CPU.ActiveCfg = Debug|Any CPU
		{1A8809AF-E540-487C-AA92-3A52A44298E7}.Debug|Any CPU.Build.0 = Debug|Any CPU
		{1A8809AF-E540-487C-AA92-3A52A44298E7}.Release|Any CPU.ActiveCfg = Release|Any CPU
		{1A8809AF-E540-487C-AA92-3A52A44298E7}.Release|Any CPU.Build.0 = Release|Any CPU
	EndGlobalSection
	GlobalSection(SolutionProperties) = preSolution
		HideSolutionNode = FALSE
	EndGlobalSection
	GlobalSection(ExtensibilityGlobals) = postSolution
		SolutionGuid = {C8C7DF5E-80A0-4AE9-9F41-7CEFD6BEC675}
	EndGlobalSection
EndGlobal
